
Microsoft Visual Studio Solution File, Format Version 12.00
Project("{FAE04EC0-301F-11D3-BF4B-00C04F79EFBC}") = "CsLua", "CsLua\CsLua.csproj", "{B90E1759-54DB-46B4-8310-2CEADE491E5F}"
EndProject
Global
	GlobalSection(SolutionConfigurationPlatforms) = preSolution
		Debug|Any CPU = Debug|Any CPU
		Release|Any CPU = Release|Any CPU
	EndGlobalSection
	GlobalSection(ProjectConfigurationPlatforms) = postSolution
		{B90E1759-54DB-46B4-8310-2CEADE491E5F}.Debug|Any CPU.ActiveCfg = Debug|Any CPU
		{B90E1759-54DB-46B4-8310-2CEADE491E5F}.Debug|Any CPU.Build.0 = Debug|Any CPU
		{B90E1759-54DB-46B4-8310-2CEADE491E5F}.Release|Any CPU.ActiveCfg = Release|Any CPU
		{B90E1759-54DB-46B4-8310-2CEADE491E5F}.Release|Any CPU.Build.0 = Release|Any CPU
	EndGlobalSection
EndGlobal
